// !$*UTF8*$!
{
	archiveVersion = 1;
	classes = {
	};
	objectVersion = 50;
	objects = {

/* Begin PBXBuildFile section */
		53830C4925EA1BDB00891D77 /* AppDelegate.swift in Sources */ = {isa = PBXBuildFile; fileRef = 53830C4825EA1BDB00891D77 /* AppDelegate.swift */; };
		53830C4B25EA1BDB00891D77 /* SceneDelegate.swift in Sources */ = {isa = PBXBuildFile; fileRef = 53830C4A25EA1BDB00891D77 /* SceneDelegate.swift */; };
		53830C4D25EA1BDB00891D77 /* ViewController.swift in Sources */ = {isa = PBXBuildFile; fileRef = 53830C4C25EA1BDB00891D77 /* ViewController.swift */; };
		53830C5025EA1BDB00891D77 /* Main.storyboard in Resources */ = {isa = PBXBuildFile; fileRef = 53830C4E25EA1BDB00891D77 /* Main.storyboard */; };
		53830C5225EA1BDF00891D77 /* Assets.xcassets in Resources */ = {isa = PBXBuildFile; fileRef = 53830C5125EA1BDF00891D77 /* Assets.xcassets */; };
		53830C5525EA1BDF00891D77 /* LaunchScreen.storyboard in Resources */ = {isa = PBXBuildFile; fileRef = 53830C5325EA1BDF00891D77 /* LaunchScreen.storyboard */; };
		53830C6025EA1BE000891D77 /* flashcardsApp_1Tests.swift in Sources */ = {isa = PBXBuildFile; fileRef = 53830C5F25EA1BE000891D77 /* flashcardsApp_1Tests.swift */; };
		53830C6B25EA1BE000891D77 /* flashcardsApp_1UITests.swift in Sources */ = {isa = PBXBuildFile; fileRef = 53830C6A25EA1BE000891D77 /* flashcardsApp_1UITests.swift */; };
		53830C7C25EA21AB00891D77 /* Readme.md in Resources */ = {isa = PBXBuildFile; fileRef = 53830C7B25EA21AB00891D77 /* Readme.md */; };
/* End PBXBuildFile section */

/* Begin PBXContainerItemProxy section */
		53830C5C25EA1BE000891D77 /* PBXContainerItemProxy */ = {
			isa = PBXContainerItemProxy;
			containerPortal = 53830C3D25EA1BDA00891D77 /* Project object */;
			proxyType = 1;
			remoteGlobalIDString = 53830C4425EA1BDB00891D77;
			remoteInfo = "flashcardsApp-1";
		};
		53830C6725EA1BE000891D77 /* PBXContainerItemProxy */ = {
			isa = PBXContainerItemProxy;
			containerPortal = 53830C3D25EA1BDA00891D77 /* Project object */;
			proxyType = 1;
			remoteGlobalIDString = 53830C4425EA1BDB00891D77;
			remoteInfo = "flashcardsApp-1";
		};
/* End PBXContainerItemProxy section */

/* Begin PBXFileReference section */
		53830C4525EA1BDB00891D77 /* flashcardsApp-1.app */ = {isa = PBXFileReference; explicitFileType = wrapper.application; includeInIndex = 0; path = "flashcardsApp-1.app"; sourceTree = BUILT_PRODUCTS_DIR; };
		53830C4825EA1BDB00891D77 /* AppDelegate.swift */ = {isa = PBXFileReference; lastKnownFileType = sourcecode.swift; path = AppDelegate.swift; sourceTree = "<group>"; };
		53830C4A25EA1BDB00891D77 /* SceneDelegate.swift */ = {isa = PBXFileReference; lastKnownFileType = sourcecode.swift; path = SceneDelegate.swift; sourceTree = "<group>"; };
		53830C4C25EA1BDB00891D77 /* ViewController.swift */ = {isa = PBXFileReference; lastKnownFileType = sourcecode.swift; path = ViewController.swift; sourceTree = "<group>"; };
		53830C4F25EA1BDB00891D77 /* Base */ = {isa = PBXFileReference; lastKnownFileType = file.storyboard; name = Base; path = Base.lproj/Main.storyboard; sourceTree = "<group>"; };
		53830C5125EA1BDF00891D77 /* Assets.xcassets */ = {isa = PBXFileReference; lastKnownFileType = folder.assetcatalog; path = Assets.xcassets; sourceTree = "<group>"; };
		53830C5425EA1BDF00891D77 /* Base */ = {isa = PBXFileReference; lastKnownFileType = file.storyboard; name = Base; path = Base.lproj/LaunchScreen.storyboard; sourceTree = "<group>"; };
		53830C5625EA1BDF00891D77 /* Info.plist */ = {isa = PBXFileReference; lastKnownFileType = text.plist.xml; path = Info.plist; sourceTree = "<group>"; };
		53830C5B25EA1BE000891D77 /* flashcardsApp-1Tests.xctest */ = {isa = PBXFileReference; explicitFileType = wrapper.cfbundle; includeInIndex = 0; path = "flashcardsApp-1Tests.xctest"; sourceTree = BUILT_PRODUCTS_DIR; };
		53830C5F25EA1BE000891D77 /* flashcardsApp_1Tests.swift */ = {isa = PBXFileReference; lastKnownFileType = sourcecode.swift; path = flashcardsApp_1Tests.swift; sourceTree = "<group>"; };
		53830C6125EA1BE000891D77 /* Info.plist */ = {isa = PBXFileReference; lastKnownFileType = text.plist.xml; path = Info.plist; sourceTree = "<group>"; };
		53830C6625EA1BE000891D77 /* flashcardsApp-1UITests.xctest */ = {isa = PBXFileReference; explicitFileType = wrapper.cfbundle; includeInIndex = 0; path = "flashcardsApp-1UITests.xctest"; sourceTree = BUILT_PRODUCTS_DIR; };
		53830C6A25EA1BE000891D77 /* flashcardsApp_1UITests.swift */ = {isa = PBXFileReference; lastKnownFileType = sourcecode.swift; path = flashcardsApp_1UITests.swift; sourceTree = "<group>"; };
		53830C6C25EA1BE000891D77 /* Info.plist */ = {isa = PBXFileReference; lastKnownFileType = text.plist.xml; path = Info.plist; sourceTree = "<group>"; };
		53830C7B25EA21AB00891D77 /* Readme.md */ = {isa = PBXFileReference; fileEncoding = 4; lastKnownFileType = net.daringfireball.markdown; name = Readme.md; path = ../../../../Readme.md; sourceTree = "<group>"; };
/* End PBXFileReference section */

/* Begin PBXFrameworksBuildPhase section */
		53830C4225EA1BDB00891D77 /* Frameworks */ = {
			isa = PBXFrameworksBuildPhase;
			buildActionMask = 2147483647;
			files = (
			);
			runOnlyForDeploymentPostprocessing = 0;
		};
		53830C5825EA1BE000891D77 /* Frameworks */ = {
			isa = PBXFrameworksBuildPhase;
			buildActionMask = 2147483647;
			files = (
			);
			runOnlyForDeploymentPostprocessing = 0;
		};
		53830C6325EA1BE000891D77 /* Frameworks */ = {
			isa = PBXFrameworksBuildPhase;
			buildActionMask = 2147483647;
			files = (
			);
			runOnlyForDeploymentPostprocessing = 0;
		};
/* End PBXFrameworksBuildPhase section */

/* Begin PBXGroup section */
		53830C3C25EA1BDA00891D77 = {
			isa = PBXGroup;
			children = (
				53830C4725EA1BDB00891D77 /* flashcardsApp-1 */,
				53830C5E25EA1BE000891D77 /* flashcardsApp-1Tests */,
				53830C6925EA1BE000891D77 /* flashcardsApp-1UITests */,
				53830C4625EA1BDB00891D77 /* Products */,
			);
			sourceTree = "<group>";
		};
		53830C4625EA1BDB00891D77 /* Products */ = {
			isa = PBXGroup;
			children = (
				53830C4525EA1BDB00891D77 /* flashcardsApp-1.app */,
				53830C5B25EA1BE000891D77 /* flashcardsApp-1Tests.xctest */,
				53830C6625EA1BE000891D77 /* flashcardsApp-1UITests.xctest */,
			);
			name = Products;
			sourceTree = "<group>";
		};
		53830C4725EA1BDB00891D77 /* flashcardsApp-1 */ = {
			isa = PBXGroup;
			children = (
				53830C4825EA1BDB00891D77 /* AppDelegate.swift */,
				53830C4A25EA1BDB00891D77 /* SceneDelegate.swift */,
				53830C4C25EA1BDB00891D77 /* ViewController.swift */,
				53830C7B25EA21AB00891D77 /* Readme.md */,
				53830C4E25EA1BDB00891D77 /* Main.storyboard */,
				53830C5125EA1BDF00891D77 /* Assets.xcassets */,
				53830C5325EA1BDF00891D77 /* LaunchScreen.storyboard */,
				53830C5625EA1BDF00891D77 /* Info.plist */,
			);
			path = "flashcardsApp-1";
			sourceTree = "<group>";
		};
		53830C5E25EA1BE000891D77 /* flashcardsApp-1Tests */ = {
			isa = PBXGroup;
			children = (
				53830C5F25EA1BE000891D77 /* flashcardsApp_1Tests.swift */,
				53830C6125EA1BE000891D77 /* Info.plist */,
			);
			path = "flashcardsApp-1Tests";
			sourceTree = "<group>";
		};
		53830C6925EA1BE000891D77 /* flashcardsApp-1UITests */ = {
			isa = PBXGroup;
			children = (
				53830C6A25EA1BE000891D77 /* flashcardsApp_1UITests.swift */,
				53830C6C25EA1BE000891D77 /* Info.plist */,
			);
			path = "flashcardsApp-1UITests";
			sourceTree = "<group>";
		};
/* End PBXGroup section */

/* Begin PBXNativeTarget section */
		53830C4425EA1BDB00891D77 /* flashcardsApp-1 */ = {
			isa = PBXNativeTarget;
			buildConfigurationList = 53830C6F25EA1BE000891D77 /* Build configuration list for PBXNativeTarget "flashcardsApp-1" */;
			buildPhases = (
				53830C4125EA1BDB00891D77 /* Sources */,
				53830C4225EA1BDB00891D77 /* Frameworks */,
				53830C4325EA1BDB00891D77 /* Resources */,
			);
			buildRules = (
			);
			dependencies = (
			);
			name = "flashcardsApp-1";
			productName = "flashcardsApp-1";
			productReference = 53830C4525EA1BDB00891D77 /* flashcardsApp-1.app */;
			productType = "com.apple.product-type.application";
		};
		53830C5A25EA1BE000891D77 /* flashcardsApp-1Tests */ = {
			isa = PBXNativeTarget;
			buildConfigurationList = 53830C7225EA1BE000891D77 /* Build configuration list for PBXNativeTarget "flashcardsApp-1Tests" */;
			buildPhases = (
				53830C5725EA1BE000891D77 /* Sources */,
				53830C5825EA1BE000891D77 /* Frameworks */,
				53830C5925EA1BE000891D77 /* Resources */,
			);
			buildRules = (
			);
			dependencies = (
				53830C5D25EA1BE000891D77 /* PBXTargetDependency */,
			);
			name = "flashcardsApp-1Tests";
			productName = "flashcardsApp-1Tests";
			productReference = 53830C5B25EA1BE000891D77 /* flashcardsApp-1Tests.xctest */;
			productType = "com.apple.product-type.bundle.unit-test";
		};
		53830C6525EA1BE000891D77 /* flashcardsApp-1UITests */ = {
			isa = PBXNativeTarget;
			buildConfigurationList = 53830C7525EA1BE000891D77 /* Build configuration list for PBXNativeTarget "flashcardsApp-1UITests" */;
			buildPhases = (
				53830C6225EA1BE000891D77 /* Sources */,
				53830C6325EA1BE000891D77 /* Frameworks */,
				53830C6425EA1BE000891D77 /* Resources */,
			);
			buildRules = (
			);
			dependencies = (
				53830C6825EA1BE000891D77 /* PBXTargetDependency */,
			);
			name = "flashcardsApp-1UITests";
			productName = "flashcardsApp-1UITests";
			productReference = 53830C6625EA1BE000891D77 /* flashcardsApp-1UITests.xctest */;
			productType = "com.apple.product-type.bundle.ui-testing";
		};
/* End PBXNativeTarget section */

/* Begin PBXProject section */
		53830C3D25EA1BDA00891D77 /* Project object */ = {
			isa = PBXProject;
			attributes = {
				LastSwiftUpdateCheck = 1240;
				LastUpgradeCheck = 1240;
				TargetAttributes = {
					53830C4425EA1BDB00891D77 = {
						CreatedOnToolsVersion = 12.4;
					};
					53830C5A25EA1BE000891D77 = {
						CreatedOnToolsVersion = 12.4;
						TestTargetID = 53830C4425EA1BDB00891D77;
					};
					53830C6525EA1BE000891D77 = {
						CreatedOnToolsVersion = 12.4;
						TestTargetID = 53830C4425EA1BDB00891D77;
					};
				};
			};
			buildConfigurationList = 53830C4025EA1BDA00891D77 /* Build configuration list for PBXProject "flashcardsApp-1" */;
			compatibilityVersion = "Xcode 9.3";
			developmentRegion = en;
			hasScannedForEncodings = 0;
			knownRegions = (
				en,
				Base,
			);
			mainGroup = 53830C3C25EA1BDA00891D77;
			productRefGroup = 53830C4625EA1BDB00891D77 /* Products */;
			projectDirPath = "";
			projectRoot = "";
			targets = (
				53830C4425EA1BDB00891D77 /* flashcardsApp-1 */,
				53830C5A25EA1BE000891D77 /* flashcardsApp-1Tests */,
				53830C6525EA1BE000891D77 /* flashcardsApp-1UITests */,
			);
		};
/* End PBXProject section */

/* Begin PBXResourcesBuildPhase section */
		53830C4325EA1BDB00891D77 /* Resources */ = {
			isa = PBXResourcesBuildPhase;
			buildActionMask = 2147483647;
			files = (
				53830C5525EA1BDF00891D77 /* LaunchScreen.storyboard in Resources */,
				53830C5225EA1BDF00891D77 /* Assets.xcassets in Resources */,
				53830C7C25EA21AB00891D77 /* Readme.md in Resources */,
				53830C5025EA1BDB00891D77 /* Main.storyboard in Resources */,
			);
			runOnlyForDeploymentPostprocessing = 0;
		};
		53830C5925EA1BE000891D77 /* Resources */ = {
			isa = PBXResourcesBuildPhase;
			buildActionMask = 2147483647;
			files = (
			);
			runOnlyForDeploymentPostprocessing = 0;
		};
		53830C6425EA1BE000891D77 /* Resources */ = {
			isa = PBXResourcesBuildPhase;
			buildActionMask = 2147483647;
			files = (
			);
			runOnlyForDeploymentPostprocessing = 0;
		};
/* End PBXResourcesBuildPhase section */

/* Begin PBXSourcesBuildPhase section */
		53830C4125EA1BDB00891D77 /* Sources */ = {
			isa = PBXSourcesBuildPhase;
			buildActionMask = 2147483647;
			files = (
				53830C4D25EA1BDB00891D77 /* ViewController.swift in Sources */,
				53830C4925EA1BDB00891D77 /* AppDelegate.swift in Sources */,
				53830C4B25EA1BDB00891D77 /* SceneDelegate.swift in Sources */,
			);
			runOnlyForDeploymentPostprocessing = 0;
		};
		53830C5725EA1BE000891D77 /* Sources */ = {
			isa = PBXSourcesBuildPhase;
			buildActionMask = 2147483647;
			files = (
				53830C6025EA1BE000891D77 /* flashcardsApp_1Tests.swift in Sources */,
			);
			runOnlyForDeploymentPostprocessing = 0;
		};
		53830C6225EA1BE000891D77 /* Sources */ = {
			isa = PBXSourcesBuildPhase;
			buildActionMask = 2147483647;
			files = (
				53830C6B25EA1BE000891D77 /* flashcardsApp_1UITests.swift in Sources */,
			);
			runOnlyForDeploymentPostprocessing = 0;
		};
/* End PBXSourcesBuildPhase section */

/* Begin PBXTargetDependency section */
		53830C5D25EA1BE000891D77 /* PBXTargetDependency */ = {
			isa = PBXTargetDependency;
			target = 53830C4425EA1BDB00891D77 /* flashcardsApp-1 */;
			targetProxy = 53830C5C25EA1BE000891D77 /* PBXContainerItemProxy */;
		};
		53830C6825EA1BE000891D77 /* PBXTargetDependency */ = {
			isa = PBXTargetDependency;
			target = 53830C4425EA1BDB00891D77 /* flashcardsApp-1 */;
			targetProxy = 53830C6725EA1BE000891D77 /* PBXContainerItemProxy */;
		};
/* End PBXTargetDependency section */

/* Begin PBXVariantGroup section */
		53830C4E25EA1BDB00891D77 /* Main.storyboard */ = {
			isa = PBXVariantGroup;
			children = (
				53830C4F25EA1BDB00891D77 /* Base */,
			);
			name = Main.storyboard;
			sourceTree = "<group>";
		};
		53830C5325EA1BDF00891D77 /* LaunchScreen.storyboard */ = {
			isa = PBXVariantGroup;
			children = (
				53830C5425EA1BDF00891D77 /* Base */,
			);
			name = LaunchScreen.storyboard;
			sourceTree = "<group>";
		};
/* End PBXVariantGroup section */

/* Begin XCBuildConfiguration section */
		53830C6D25EA1BE000891D77 /* Debug */ = {
			isa = XCBuildConfiguration;
			buildSettings = {
				ALWAYS_SEARCH_USER_PATHS = NO;
				CLANG_ANALYZER_NONNULL = YES;
				CLANG_ANALYZER_NUMBER_OBJECT_CONVERSION = YES_AGGRESSIVE;
				CLANG_CXX_LANGUAGE_STANDARD = "gnu++14";
				CLANG_CXX_LIBRARY = "libc++";
				CLANG_ENABLE_MODULES = YES;
				CLANG_ENABLE_OBJC_ARC = YES;
				CLANG_ENABLE_OBJC_WEAK = YES;
				CLANG_WARN_BLOCK_CAPTURE_AUTORELEASING = YES;
				CLANG_WARN_BOOL_CONVERSION = YES;
				CLANG_WARN_COMMA = YES;
				CLANG_WARN_CONSTANT_CONVERSION = YES;
				CLANG_WARN_DEPRECATED_OBJC_IMPLEMENTATIONS = YES;
				CLANG_WARN_DIRECT_OBJC_ISA_USAGE = YES_ERROR;
				CLANG_WARN_DOCUMENTATION_COMMENTS = YES;
				CLANG_WARN_EMPTY_BODY = YES;
				CLANG_WARN_ENUM_CONVERSION = YES;
				CLANG_WARN_INFINITE_RECURSION = YES;
				CLANG_WARN_INT_CONVERSION = YES;
				CLANG_WARN_NON_LITERAL_NULL_CONVERSION = YES;
				CLANG_WARN_OBJC_IMPLICIT_RETAIN_SELF = YES;
				CLANG_WARN_OBJC_LITERAL_CONVERSION = YES;
				CLANG_WARN_OBJC_ROOT_CLASS = YES_ERROR;
				CLANG_WARN_QUOTED_INCLUDE_IN_FRAMEWORK_HEADER = YES;
				CLANG_WARN_RANGE_LOOP_ANALYSIS = YES;
				CLANG_WARN_STRICT_PROTOTYPES = YES;
				CLANG_WARN_SUSPICIOUS_MOVE = YES;
				CLANG_WARN_UNGUARDED_AVAILABILITY = YES_AGGRESSIVE;
				CLANG_WARN_UNREACHABLE_CODE = YES;
				CLANG_WARN__DUPLICATE_METHOD_MATCH = YES;
				COPY_PHASE_STRIP = NO;
				DEBUG_INFORMATION_FORMAT = dwarf;
				ENABLE_STRICT_OBJC_MSGSEND = YES;
				ENABLE_TESTABILITY = YES;
				GCC_C_LANGUAGE_STANDARD = gnu11;
				GCC_DYNAMIC_NO_PIC = NO;
				GCC_NO_COMMON_BLOCKS = YES;
				GCC_OPTIMIZATION_LEVEL = 0;
				GCC_PREPROCESSOR_DEFINITIONS = (
					"DEBUG=1",
					"$(inherited)",
				);
				GCC_WARN_64_TO_32_BIT_CONVERSION = YES;
				GCC_WARN_ABOUT_RETURN_TYPE = YES_ERROR;
				GCC_WARN_UNDECLARED_SELECTOR = YES;
				GCC_WARN_UNINITIALIZED_AUTOS = YES_AGGRESSIVE;
				GCC_WARN_UNUSED_FUNCTION = YES;
				GCC_WARN_UNUSED_VARIABLE = YES;
				IPHONEOS_DEPLOYMENT_TARGET = 14.4;
				MTL_ENABLE_DEBUG_INFO = INCLUDE_SOURCE;
				MTL_FAST_MATH = YES;
				ONLY_ACTIVE_ARCH = YES;
				SDKROOT = iphoneos;
				SWIFT_ACTIVE_COMPILATION_CONDITIONS = DEBUG;
				SWIFT_OPTIMIZATION_LEVEL = "-Onone";
			};
			name = Debug;
		};
		53830C6E25EA1BE000891D77 /* Release */ = {
			isa = XCBuildConfiguration;
			buildSettings = {
				ALWAYS_SEARCH_USER_PATHS = NO;
				CLANG_ANALYZER_NONNULL = YES;
				CLANG_ANALYZER_NUMBER_OBJECT_CONVERSION = YES_AGGRESSIVE;
				CLANG_CXX_LANGUAGE_STANDARD = "gnu++14";
				CLANG_CXX_LIBRARY = "libc++";
				CLANG_ENABLE_MODULES = YES;
				CLANG_ENABLE_OBJC_ARC = YES;
				CLANG_ENABLE_OBJC_WEAK = YES;
				CLANG_WARN_BLOCK_CAPTURE_AUTORELEASING = YES;
				CLANG_WARN_BOOL_CONVERSION = YES;
				CLANG_WARN_COMMA = YES;
				CLANG_WARN_CONSTANT_CONVERSION = YES;
				CLANG_WARN_DEPRECATED_OBJC_IMPLEMENTATIONS = YES;
				CLANG_WARN_DIRECT_OBJC_ISA_USAGE = YES_ERROR;
				CLANG_WARN_DOCUMENTATION_COMMENTS = YES;
				CLANG_WARN_EMPTY_BODY = YES;
				CLANG_WARN_ENUM_CONVERSION = YES;
				CLANG_WARN_INFINITE_RECURSION = YES;
				CLANG_WARN_INT_CONVERSION = YES;
				CLANG_WARN_NON_LITERAL_NULL_CONVERSION = YES;
				CLANG_WARN_OBJC_IMPLICIT_RETAIN_SELF = YES;
				CLANG_WARN_OBJC_LITERAL_CONVERSION = YES;
				CLANG_WARN_OBJC_ROOT_CLASS = YES_ERROR;
				CLANG_WARN_QUOTED_INCLUDE_IN_FRAMEWORK_HEADER = YES;
				CLANG_WARN_RANGE_LOOP_ANALYSIS = YES;
				CLANG_WARN_STRICT_PROTOTYPES = YES;
				CLANG_WARN_SUSPICIOUS_MOVE = YES;
				CLANG_WARN_UNGUARDED_AVAILABILITY = YES_AGGRESSIVE;
				CLANG_WARN_UNREACHABLE_CODE = YES;
				CLANG_WARN__DUPLICATE_METHOD_MATCH = YES;
				COPY_PHASE_STRIP = NO;
				DEBUG_INFORMATION_FORMAT = "dwarf-with-dsym";
				ENABLE_NS_ASSERTIONS = NO;
				ENABLE_STRICT_OBJC_MSGSEND = YES;
				GCC_C_LANGUAGE_STANDARD = gnu11;
				GCC_NO_COMMON_BLOCKS = YES;
				GCC_WARN_64_TO_32_BIT_CONVERSION = YES;
				GCC_WARN_ABOUT_RETURN_TYPE = YES_ERROR;
				GCC_WARN_UNDECLARED_SELECTOR = YES;
				GCC_WARN_UNINITIALIZED_AUTOS = YES_AGGRESSIVE;
				GCC_WARN_UNUSED_FUNCTION = YES;
				GCC_WARN_UNUSED_VARIABLE = YES;
				IPHONEOS_DEPLOYMENT_TARGET = 14.4;
				MTL_ENABLE_DEBUG_INFO = NO;
				MTL_FAST_MATH = YES;
				SDKROOT = iphoneos;
				SWIFT_COMPILATION_MODE = wholemodule;
				SWIFT_OPTIMIZATION_LEVEL = "-O";
				VALIDATE_PRODUCT = YES;
			};
			name = Release;
		};
		53830C7025EA1BE000891D77 /* Debug */ = {
			isa = XCBuildConfiguration;
			buildSettings = {
				ASSETCATALOG_COMPILER_APPICON_NAME = AppIcon;
				ASSETCATALOG_COMPILER_GLOBAL_ACCENT_COLOR_NAME = AccentColor;
				CODE_SIGN_STYLE = Automatic;
				INFOPLIST_FILE = "flashcardsApp-1/Info.plist";
				LD_RUNPATH_SEARCH_PATHS = (
					"$(inherited)",
					"@executable_path/Frameworks",
				);
				PRODUCT_BUNDLE_IDENTIFIER = "com.khadijahakter.flashcardsApp-1";
				PRODUCT_NAME = "$(TARGET_NAME)";
				SWIFT_VERSION = 5.0;
				TARGETED_DEVICE_FAMILY = "1,2";
			};
			name = Debug;
		};
		53830C7125EA1BE000891D77 /* Release */ = {
			isa = XCBuildConfiguration;
			buildSettings = {
				ASSETCATALOG_COMPILER_APPICON_NAME = AppIcon;
				ASSETCATALOG_COMPILER_GLOBAL_ACCENT_COLOR_NAME = AccentColor;
				CODE_SIGN_STYLE = Automatic;
				INFOPLIST_FILE = "flashcardsApp-1/Info.plist";
				LD_RUNPATH_SEARCH_PATHS = (
					"$(inherited)",
					"@executable_path/Frameworks",
				);
				PRODUCT_BUNDLE_IDENTIFIER = "com.khadijahakter.flashcardsApp-1";
				PRODUCT_NAME = "$(TARGET_NAME)";
				SWIFT_VERSION = 5.0;
				TARGETED_DEVICE_FAMILY = "1,2";
			};
			name = Release;
		};
		53830C7325EA1BE000891D77 /* Debug */ = {
			isa = XCBuildConfiguration;
			buildSettings = {
				ALWAYS_EMBED_SWIFT_STANDARD_LIBRARIES = YES;
				BUNDLE_LOADER = "$(TEST_HOST)";
				CODE_SIGN_STYLE = Automatic;
				INFOPLIST_FILE = "flashcardsApp-1Tests/Info.plist";
				IPHONEOS_DEPLOYMENT_TARGET = 14.4;
				LD_RUNPATH_SEARCH_PATHS = (
					"$(inherited)",
					"@executable_path/Frameworks",
					"@loader_path/Frameworks",
				);
				PRODUCT_BUNDLE_IDENTIFIER = "com.khadijahakter.flashcardsApp-1Tests";
				PRODUCT_NAME = "$(TARGET_NAME)";
				SWIFT_VERSION = 5.0;
				TARGETED_DEVICE_FAMILY = "1,2";
				TEST_HOST = "$(BUILT_PRODUCTS_DIR)/flashcardsApp-1.app/flashcardsApp-1";
			};
			name = Debug;
		};
		53830C7425EA1BE000891D77 /* Release */ = {
			isa = XCBuildConfiguration;
			buildSettings = {
				ALWAYS_EMBED_SWIFT_STANDARD_LIBRARIES = YES;
				BUNDLE_LOADER = "$(TEST_HOST)";
				CODE_SIGN_STYLE = Automatic;
				INFOPLIST_FILE = "flashcardsApp-1Tests/Info.plist";
				IPHONEOS_DEPLOYMENT_TARGET = 14.4;
				LD_RUNPATH_SEARCH_PATHS = (
					"$(inherited)",
					"@executable_path/Frameworks",
					"@loader_path/Frameworks",
				);
				PRODUCT_BUNDLE_IDENTIFIER = "com.khadijahakter.flashcardsApp-1Tests";
				PRODUCT_NAME = "$(TARGET_NAME)";
				SWIFT_VERSION = 5.0;
				TARGETED_DEVICE_FAMILY = "1,2";
				TEST_HOST = "$(BUILT_PRODUCTS_DIR)/flashcardsApp-1.app/flashcardsApp-1";
			};
			name = Release;
		};
		53830C7625EA1BE000891D77 /* Debug */ = {
			isa = XCBuildConfiguration;
			buildSettings = {
				ALWAYS_EMBED_SWIFT_STANDARD_LIBRARIES = YES;
				CODE_SIGN_STYLE = Automatic;
				INFOPLIST_FILE = "flashcardsApp-1UITests/Info.plist";
				LD_RUNPATH_SEARCH_PATHS = (
					"$(inherited)",
					"@executable_path/Frameworks",
					"@loader_path/Frameworks",
				);
				PRODUCT_BUNDLE_IDENTIFIER = "com.khadijahakter.flashcardsApp-1UITests";
				PRODUCT_NAME = "$(TARGET_NAME)";
				SWIFT_VERSION = 5.0;
				TARGETED_DEVICE_FAMILY = "1,2";
				TEST_TARGET_NAME = "flashcardsApp-1";
			};
			name = Debug;
		};
		53830C7725EA1BE000891D77 /* Release */ = {
			isa = XCBuildConfiguration;
			buildSettings = {
				ALWAYS_EMBED_SWIFT_STANDARD_LIBRARIES = YES;
				CODE_SIGN_STYLE = Automatic;
				INFOPLIST_FILE = "flashcardsApp-1UITests/Info.plist";
				LD_RUNPATH_SEARCH_PATHS = (
					"$(inherited)",
					"@executable_path/Frameworks",
					"@loader_path/Frameworks",
				);
				PRODUCT_BUNDLE_IDENTIFIER = "com.khadijahakter.flashcardsApp-1UITests";
				PRODUCT_NAME = "$(TARGET_NAME)";
				SWIFT_VERSION = 5.0;
				TARGETED_DEVICE_FAMILY = "1,2";
				TEST_TARGET_NAME = "flashcardsApp-1";
			};
			name = Release;
		};
/* End XCBuildConfiguration section */

/* Begin XCConfigurationList section */
		53830C4025EA1BDA00891D77 /* Build configuration list for PBXProject "flashcardsApp-1" */ = {
			isa = XCConfigurationList;
			buildConfigurations = (
				53830C6D25EA1BE000891D77 /* Debug */,
				53830C6E25EA1BE000891D77 /* Release */,
			);
			defaultConfigurationIsVisible = 0;
			defaultConfigurationName = Release;
		};
		53830C6F25EA1BE000891D77 /* Build configuration list for PBXNativeTarget "flashcardsApp-1" */ = {
			isa = XCConfigurationList;
			buildConfigurations = (
				53830C7025EA1BE000891D77 /* Debug */,
				53830C7125EA1BE000891D77 /* Release */,
			);
			defaultConfigurationIsVisible = 0;
			defaultConfigurationName = Release;
		};
		53830C7225EA1BE000891D77 /* Build configuration list for PBXNativeTarget "flashcardsApp-1Tests" */ = {
			isa = XCConfigurationList;
			buildConfigurations = (
				53830C7325EA1BE000891D77 /* Debug */,
				53830C7425EA1BE000891D77 /* Release */,
			);
			defaultConfigurationIsVisible = 0;
			defaultConfigurationName = Release;
		};
		53830C7525EA1BE000891D77 /* Build configuration list for PBXNativeTarget "flashcardsApp-1UITests" */ = {
			isa = XCConfigurationList;
			buildConfigurations = (
				53830C7625EA1BE000891D77 /* Debug */,
				53830C7725EA1BE000891D77 /* Release */,
			);
			defaultConfigurationIsVisible = 0;
			defaultConfigurationName = Release;
		};
/* End XCConfigurationList section */
	};
	rootObject = 53830C3D25EA1BDA00891D77 /* Project object */;
}
